
Microsoft Visual Studio Solution File, Format Version 12.00
# Visual Studio Version 17
VisualStudioVersion = 17.13.35919.96 d17.13
MinimumVisualStudioVersion = 10.0.40219.1
Project("{FAE04EC0-301F-11D3-BF4B-00C04F79EFBC}") = "ejemplis", "ejemplis\ejemplis.csproj", "{FED5BC56-EABD-4FB1-9223-2C845961B5BE}"
EndProject
Global
	GlobalSection(SolutionConfigurationPlatforms) = preSolution
		Debug|Any CPU = Debug|Any CPU
		Release|Any CPU = Release|Any CPU
	EndGlobalSection
	GlobalSection(ProjectConfigurationPlatforms) = postSolution
		{FED5BC56-EABD-4FB1-9223-2C845961B5BE}.Debug|Any CPU.ActiveCfg = Debug|Any CPU
		{FED5BC56-EABD-4FB1-9223-2C845961B5BE}.Debug|Any CPU.Build.0 = Debug|Any CPU
		{FED5BC56-EABD-4FB1-9223-2C845961B5BE}.Release|Any CPU.ActiveCfg = Release|Any CPU
		{FED5BC56-EABD-4FB1-9223-2C845961B5BE}.Release|Any CPU.Build.0 = Release|Any CPU
	EndGlobalSection
	GlobalSection(SolutionProperties) = preSolution
		HideSolutionNode = FALSE
	EndGlobalSection
	GlobalSection(ExtensibilityGlobals) = postSolution
		SolutionGuid = {21F1D041-0914-41B2-80B2-97CD45F94A51}
	EndGlobalSection
EndGlobal
